
Microsoft Visual Studio Solution File, Format Version 12.00
# Visual Studio Version 17
VisualStudioVersion = 17.1.32319.34
MinimumVisualStudioVersion = 10.0.40219.1
Project("{FAE04EC0-301F-11D3-BF4B-00C04F79EFBC}") = "AdventureWorksApi", "AdventureWorksApi\AdventureWorksApi.csproj", "{5ED9778D-1FC0-480C-9B74-C6B7358BFF40}"
EndProject
Project("{FAE04EC0-301F-11D3-BF4B-00C04F79EFBC}") = "AdventureWorksPersistence", "AdventureWorksPersistence\AdventureWorksPersistence.csproj", "{147CB5D3-A3E1-4C68-AAFF-F02752FB3A10}"
EndProject
Global
	GlobalSection(SolutionConfigurationPlatforms) = preSolution
		Debug|Any CPU = Debug|Any CPU
		Release|Any CPU = Release|Any CPU
	EndGlobalSection
	GlobalSection(ProjectConfigurationPlatforms) = postSolution
		{5ED9778D-1FC0-480C-9B74-C6B7358BFF40}.Debug|Any CPU.ActiveCfg = Debug|Any CPU
		{5ED9778D-1FC0-480C-9B74-C6B7358BFF40}.Debug|Any CPU.Build.0 = Debug|Any CPU
		{5ED9778D-1FC0-480C-9B74-C6B7358BFF40}.Release|Any CPU.ActiveCfg = Release|Any CPU
		{5ED9778D-1FC0-480C-9B74-C6B7358BFF40}.Release|Any CPU.Build.0 = Release|Any CPU
		{147CB5D3-A3E1-4C68-AAFF-F02752FB3A10}.Debug|Any CPU.ActiveCfg = Debug|Any CPU
		{147CB5D3-A3E1-4C68-AAFF-F02752FB3A10}.Debug|Any CPU.Build.0 = Debug|Any CPU
		{147CB5D3-A3E1-4C68-AAFF-F02752FB3A10}.Release|Any CPU.ActiveCfg = Release|Any CPU
		{147CB5D3-A3E1-4C68-AAFF-F02752FB3A10}.Release|Any CPU.Build.0 = Release|Any CPU
	EndGlobalSection
	GlobalSection(SolutionProperties) = preSolution
		HideSolutionNode = FALSE
	EndGlobalSection
	GlobalSection(ExtensibilityGlobals) = postSolution
		SolutionGuid = {C7C30184-B179-4CF9-BDA8-614FB9F390F4}
	EndGlobalSection
EndGlobal
